// !$*UTF8*$!
{
	archiveVersion = 1;
	classes = {
	};
	objectVersion = 56;
	objects = {

/* Begin PBXBuildFile section */
		6A0E10A6297E33DA00EFF390 /* spin.png in Resources */ = {isa = PBXBuildFile; fileRef = 6A0E10A5297E33DA00EFF390 /* spin.png */; };
		6A0E10A8297E33E900EFF390 /* main.png in Resources */ = {isa = PBXBuildFile; fileRef = 6A0E10A7297E33E900EFF390 /* main.png */; };
		6A0E10AA297E33F200EFF390 /* exiqt.png in Resources */ = {isa = PBXBuildFile; fileRef = 6A0E10A9297E33F200EFF390 /* exiqt.png */; };
		6A0E10AF297E345400EFF390 /* logo.png in Resources */ = {isa = PBXBuildFile; fileRef = 6A0E10AB297E345400EFF390 /* logo.png */; };
		6A0E10B0297E345400EFF390 /* reset.png in Resources */ = {isa = PBXBuildFile; fileRef = 6A0E10AC297E345400EFF390 /* reset.png */; };
		6A0E10B1297E345400EFF390 /* add.png in Resources */ = {isa = PBXBuildFile; fileRef = 6A0E10AD297E345400EFF390 /* add.png */; };
		6A0E10B2297E345400EFF390 /* sub.png in Resources */ = {isa = PBXBuildFile; fileRef = 6A0E10AE297E345400EFF390 /* sub.png */; };
		6A0E10B4297E345E00EFF390 /* dollar.png in Resources */ = {isa = PBXBuildFile; fileRef = 6A0E10B3297E345E00EFF390 /* dollar.png */; };
		6ABB02AE297DE57500D6E686 /* AppDelegate.swift in Sources */ = {isa = PBXBuildFile; fileRef = 6ABB02AD297DE57500D6E686 /* AppDelegate.swift */; };
		6ABB02B0297DE57500D6E686 /* SceneDelegate.swift in Sources */ = {isa = PBXBuildFile; fileRef = 6ABB02AF297DE57500D6E686 /* SceneDelegate.swift */; };
		6ABB02B2297DE57500D6E686 /* ViewController.swift in Sources */ = {isa = PBXBuildFile; fileRef = 6ABB02B1297DE57500D6E686 /* ViewController.swift */; };
		6ABB02B5297DE57500D6E686 /* Main.storyboard in Resources */ = {isa = PBXBuildFile; fileRef = 6ABB02B3297DE57500D6E686 /* Main.storyboard */; };
		6ABB02B7297DE57600D6E686 /* Assets.xcassets in Resources */ = {isa = PBXBuildFile; fileRef = 6ABB02B6297DE57600D6E686 /* Assets.xcassets */; };
		6ABB02BA297DE57600D6E686 /* LaunchScreen.storyboard in Resources */ = {isa = PBXBuildFile; fileRef = 6ABB02B8297DE57600D6E686 /* LaunchScreen.storyboard */; };
/* End PBXBuildFile section */

/* Begin PBXFileReference section */
		6A0E10A5297E33DA00EFF390 /* spin.png */ = {isa = PBXFileReference; lastKnownFileType = image.png; path = spin.png; sourceTree = "<group>"; };
		6A0E10A7297E33E900EFF390 /* main.png */ = {isa = PBXFileReference; lastKnownFileType = image.png; path = main.png; sourceTree = "<group>"; };
		6A0E10A9297E33F200EFF390 /* exiqt.png */ = {isa = PBXFileReference; lastKnownFileType = image.png; path = exiqt.png; sourceTree = "<group>"; };
		6A0E10AB297E345400EFF390 /* logo.png */ = {isa = PBXFileReference; lastKnownFileType = image.png; path = logo.png; sourceTree = "<group>"; };
		6A0E10AC297E345400EFF390 /* reset.png */ = {isa = PBXFileReference; lastKnownFileType = image.png; path = reset.png; sourceTree = "<group>"; };
		6A0E10AD297E345400EFF390 /* add.png */ = {isa = PBXFileReference; lastKnownFileType = image.png; path = add.png; sourceTree = "<group>"; };
		6A0E10AE297E345400EFF390 /* sub.png */ = {isa = PBXFileReference; lastKnownFileType = image.png; path = sub.png; sourceTree = "<group>"; };
		6A0E10B3297E345E00EFF390 /* dollar.png */ = {isa = PBXFileReference; lastKnownFileType = image.png; path = dollar.png; sourceTree = "<group>"; };
		6ABB02AA297DE57500D6E686 /* IOS-Assignment-1-SlotMachine.app */ = {isa = PBXFileReference; explicitFileType = wrapper.application; includeInIndex = 0; path = "IOS-Assignment-1-SlotMachine.app"; sourceTree = BUILT_PRODUCTS_DIR; };
		6ABB02AD297DE57500D6E686 /* AppDelegate.swift */ = {isa = PBXFileReference; lastKnownFileType = sourcecode.swift; path = AppDelegate.swift; sourceTree = "<group>"; };
		6ABB02AF297DE57500D6E686 /* SceneDelegate.swift */ = {isa = PBXFileReference; lastKnownFileType = sourcecode.swift; path = SceneDelegate.swift; sourceTree = "<group>"; };
		6ABB02B1297DE57500D6E686 /* ViewController.swift */ = {isa = PBXFileReference; lastKnownFileType = sourcecode.swift; path = ViewController.swift; sourceTree = "<group>"; };
		6ABB02B4297DE57500D6E686 /* Base */ = {isa = PBXFileReference; lastKnownFileType = file.storyboard; name = Base; path = Base.lproj/Main.storyboard; sourceTree = "<group>"; };
		6ABB02B6297DE57600D6E686 /* Assets.xcassets */ = {isa = PBXFileReference; lastKnownFileType = folder.assetcatalog; path = Assets.xcassets; sourceTree = "<group>"; };
		6ABB02B9297DE57600D6E686 /* Base */ = {isa = PBXFileReference; lastKnownFileType = file.storyboard; name = Base; path = Base.lproj/LaunchScreen.storyboard; sourceTree = "<group>"; };
		6ABB02BB297DE57600D6E686 /* Info.plist */ = {isa = PBXFileReference; lastKnownFileType = text.plist.xml; path = Info.plist; sourceTree = "<group>"; };
/* End PBXFileReference section */

/* Begin PBXFrameworksBuildPhase section */
		6ABB02A7297DE57500D6E686 /* Frameworks */ = {
			isa = PBXFrameworksBuildPhase;
			buildActionMask = 2147483647;
			files = (
			);
			runOnlyForDeploymentPostprocessing = 0;
		};
/* End PBXFrameworksBuildPhase section */

/* Begin PBXGroup section */
		6ABB02A1297DE57500D6E686 = {
			isa = PBXGroup;
			children = (
				6ABB02AC297DE57500D6E686 /* IOS-Assignment-1-SlotMachine */,
				6ABB02AB297DE57500D6E686 /* Products */,
			);
			sourceTree = "<group>";
		};
		6ABB02AB297DE57500D6E686 /* Products */ = {
			isa = PBXGroup;
			children = (
				6ABB02AA297DE57500D6E686 /* IOS-Assignment-1-SlotMachine.app */,
			);
			name = Products;
			sourceTree = "<group>";
		};
		6ABB02AC297DE57500D6E686 /* IOS-Assignment-1-SlotMachine */ = {
			isa = PBXGroup;
			children = (
				6ABB02AD297DE57500D6E686 /* AppDelegate.swift */,
				6A0E10A7297E33E900EFF390 /* main.png */,
				6A0E10AD297E345400EFF390 /* add.png */,
				6A0E10AB297E345400EFF390 /* logo.png */,
				6A0E10AC297E345400EFF390 /* reset.png */,
				6A0E10AE297E345400EFF390 /* sub.png */,
				6A0E10B3297E345E00EFF390 /* dollar.png */,
				6A0E10A9297E33F200EFF390 /* exiqt.png */,
				6ABB02AF297DE57500D6E686 /* SceneDelegate.swift */,
				6ABB02B1297DE57500D6E686 /* ViewController.swift */,
				6ABB02B3297DE57500D6E686 /* Main.storyboard */,
				6ABB02B6297DE57600D6E686 /* Assets.xcassets */,
				6A0E10A5297E33DA00EFF390 /* spin.png */,
				6ABB02B8297DE57600D6E686 /* LaunchScreen.storyboard */,
				6ABB02BB297DE57600D6E686 /* Info.plist */,
			);
			path = "IOS-Assignment-1-SlotMachine";
			sourceTree = "<group>";
		};
/* End PBXGroup section */

/* Begin PBXNativeTarget section */
		6ABB02A9297DE57500D6E686 /* IOS-Assignment-1-SlotMachine */ = {
			isa = PBXNativeTarget;
			buildConfigurationList = 6ABB02BE297DE57600D6E686 /* Build configuration list for PBXNativeTarget "IOS-Assignment-1-SlotMachine" */;
			buildPhases = (
				6ABB02A6297DE57500D6E686 /* Sources */,
				6ABB02A7297DE57500D6E686 /* Frameworks */,
				6ABB02A8297DE57500D6E686 /* Resources */,
			);
			buildRules = (
			);
			dependencies = (
			);
			name = "IOS-Assignment-1-SlotMachine";
			productName = "IOS-Assignment-1-SlotMachine";
			productReference = 6ABB02AA297DE57500D6E686 /* IOS-Assignment-1-SlotMachine.app */;
			productType = "com.apple.product-type.application";
		};
/* End PBXNativeTarget section */

/* Begin PBXProject section */
		6ABB02A2297DE57500D6E686 /* Project object */ = {
			isa = PBXProject;
			attributes = {
				BuildIndependentTargetsInParallel = 1;
				LastSwiftUpdateCheck = 1400;
				LastUpgradeCheck = 1400;
				TargetAttributes = {
					6ABB02A9297DE57500D6E686 = {
						CreatedOnToolsVersion = 14.0;
					};
				};
			};
			buildConfigurationList = 6ABB02A5297DE57500D6E686 /* Build configuration list for PBXProject "IOS-Assignment-1-SlotMachine" */;
			compatibilityVersion = "Xcode 14.0";
			developmentRegion = en;
			hasScannedForEncodings = 0;
			knownRegions = (
				en,
				Base,
			);
			mainGroup = 6ABB02A1297DE57500D6E686;
			productRefGroup = 6ABB02AB297DE57500D6E686 /* Products */;
			projectDirPath = "";
			projectRoot = "";
			targets = (
				6ABB02A9297DE57500D6E686 /* IOS-Assignment-1-SlotMachine */,
			);
		};
/* End PBXProject section */

/* Begin PBXResourcesBuildPhase section */
		6ABB02A8297DE57500D6E686 /* Resources */ = {
			isa = PBXResourcesBuildPhase;
			buildActionMask = 2147483647;
			files = (
				6A0E10B1297E345400EFF390 /* add.png in Resources */,
				6ABB02BA297DE57600D6E686 /* LaunchScreen.storyboard in Resources */,
				6A0E10AA297E33F200EFF390 /* exiqt.png in Resources */,
				6A0E10A8297E33E900EFF390 /* main.png in Resources */,
				6A0E10B2297E345400EFF390 /* sub.png in Resources */,
				6A0E10A6297E33DA00EFF390 /* spin.png in Resources */,
				6A0E10AF297E345400EFF390 /* logo.png in Resources */,
				6ABB02B7297DE57600D6E686 /* Assets.xcassets in Resources */,
				6A0E10B4297E345E00EFF390 /* dollar.png in Resources */,
				6ABB02B5297DE57500D6E686 /* Main.storyboard in Resources */,
				6A0E10B0297E345400EFF390 /* reset.png in Resources */,
			);
			runOnlyForDeploymentPostprocessing = 0;
		};
/* End PBXResourcesBuildPhase section */

/* Begin PBXSourcesBuildPhase section */
		6ABB02A6297DE57500D6E686 /* Sources */ = {
			isa = PBXSourcesBuildPhase;
			buildActionMask = 2147483647;
			files = (
				6ABB02B2297DE57500D6E686 /* ViewController.swift in Sources */,
				6ABB02AE297DE57500D6E686 /* AppDelegate.swift in Sources */,
				6ABB02B0297DE57500D6E686 /* SceneDelegate.swift in Sources */,
			);
			runOnlyForDeploymentPostprocessing = 0;
		};
/* End PBXSourcesBuildPhase section */

/* Begin PBXVariantGroup section */
		6ABB02B3297DE57500D6E686 /* Main.storyboard */ = {
			isa = PBXVariantGroup;
			children = (
				6ABB02B4297DE57500D6E686 /* Base */,
			);
			name = Main.storyboard;
			sourceTree = "<group>";
		};
		6ABB02B8297DE57600D6E686 /* LaunchScreen.storyboard */ = {
			isa = PBXVariantGroup;
			children = (
				6ABB02B9297DE57600D6E686 /* Base */,
			);
			name = LaunchScreen.storyboard;
			sourceTree = "<group>";
		};
/* End PBXVariantGroup section */

/* Begin XCBuildConfiguration section */
		6ABB02BC297DE57600D6E686 /* Debug */ = {
			isa = XCBuildConfiguration;
			buildSettings = {
				ALWAYS_SEARCH_USER_PATHS = NO;
				CLANG_ANALYZER_NONNULL = YES;
				CLANG_ANALYZER_NUMBER_OBJECT_CONVERSION = YES_AGGRESSIVE;
				CLANG_CXX_LANGUAGE_STANDARD = "gnu++20";
				CLANG_ENABLE_MODULES = YES;
				CLANG_ENABLE_OBJC_ARC = YES;
				CLANG_ENABLE_OBJC_WEAK = YES;
				CLANG_WARN_BLOCK_CAPTURE_AUTORELEASING = YES;
				CLANG_WARN_BOOL_CONVERSION = YES;
				CLANG_WARN_COMMA = YES;
				CLANG_WARN_CONSTANT_CONVERSION = YES;
				CLANG_WARN_DEPRECATED_OBJC_IMPLEMENTATIONS = YES;
				CLANG_WARN_DIRECT_OBJC_ISA_USAGE = YES_ERROR;
				CLANG_WARN_DOCUMENTATION_COMMENTS = YES;
				CLANG_WARN_EMPTY_BODY = YES;
				CLANG_WARN_ENUM_CONVERSION = YES;
				CLANG_WARN_INFINITE_RECURSION = YES;
				CLANG_WARN_INT_CONVERSION = YES;
				CLANG_WARN_NON_LITERAL_NULL_CONVERSION = YES;
				CLANG_WARN_OBJC_IMPLICIT_RETAIN_SELF = YES;
				CLANG_WARN_OBJC_LITERAL_CONVERSION = YES;
				CLANG_WARN_OBJC_ROOT_CLASS = YES_ERROR;
				CLANG_WARN_QUOTED_INCLUDE_IN_FRAMEWORK_HEADER = YES;
				CLANG_WARN_RANGE_LOOP_ANALYSIS = YES;
				CLANG_WARN_STRICT_PROTOTYPES = YES;
				CLANG_WARN_SUSPICIOUS_MOVE = YES;
				CLANG_WARN_UNGUARDED_AVAILABILITY = YES_AGGRESSIVE;
				CLANG_WARN_UNREACHABLE_CODE = YES;
				CLANG_WARN__DUPLICATE_METHOD_MATCH = YES;
				COPY_PHASE_STRIP = NO;
				DEBUG_INFORMATION_FORMAT = dwarf;
				ENABLE_STRICT_OBJC_MSGSEND = YES;
				ENABLE_TESTABILITY = YES;
				GCC_C_LANGUAGE_STANDARD = gnu11;
				GCC_DYNAMIC_NO_PIC = NO;
				GCC_NO_COMMON_BLOCKS = YES;
				GCC_OPTIMIZATION_LEVEL = 0;
				GCC_PREPROCESSOR_DEFINITIONS = (
					"DEBUG=1",
					"$(inherited)",
				);
				GCC_WARN_64_TO_32_BIT_CONVERSION = YES;
				GCC_WARN_ABOUT_RETURN_TYPE = YES_ERROR;
				GCC_WARN_UNDECLARED_SELECTOR = YES;
				GCC_WARN_UNINITIALIZED_AUTOS = YES_AGGRESSIVE;
				GCC_WARN_UNUSED_FUNCTION = YES;
				GCC_WARN_UNUSED_VARIABLE = YES;
				IPHONEOS_DEPLOYMENT_TARGET = 16.0;
				MTL_ENABLE_DEBUG_INFO = INCLUDE_SOURCE;
				MTL_FAST_MATH = YES;
				ONLY_ACTIVE_ARCH = YES;
				SDKROOT = iphoneos;
				SWIFT_ACTIVE_COMPILATION_CONDITIONS = DEBUG;
				SWIFT_OPTIMIZATION_LEVEL = "-Onone";
			};
			name = Debug;
		};
		6ABB02BD297DE57600D6E686 /* Release */ = {
			isa = XCBuildConfiguration;
			buildSettings = {
				ALWAYS_SEARCH_USER_PATHS = NO;
				CLANG_ANALYZER_NONNULL = YES;
				CLANG_ANALYZER_NUMBER_OBJECT_CONVERSION = YES_AGGRESSIVE;
				CLANG_CXX_LANGUAGE_STANDARD = "gnu++20";
				CLANG_ENABLE_MODULES = YES;
				CLANG_ENABLE_OBJC_ARC = YES;
				CLANG_ENABLE_OBJC_WEAK = YES;
				CLANG_WARN_BLOCK_CAPTURE_AUTORELEASING = YES;
				CLANG_WARN_BOOL_CONVERSION = YES;
				CLANG_WARN_COMMA = YES;
				CLANG_WARN_CONSTANT_CONVERSION = YES;
				CLANG_WARN_DEPRECATED_OBJC_IMPLEMENTATIONS = YES;
				CLANG_WARN_DIRECT_OBJC_ISA_USAGE = YES_ERROR;
				CLANG_WARN_DOCUMENTATION_COMMENTS = YES;
				CLANG_WARN_EMPTY_BODY = YES;
				CLANG_WARN_ENUM_CONVERSION = YES;
				CLANG_WARN_INFINITE_RECURSION = YES;
				CLANG_WARN_INT_CONVERSION = YES;
				CLANG_WARN_NON_LITERAL_NULL_CONVERSION = YES;
				CLANG_WARN_OBJC_IMPLICIT_RETAIN_SELF = YES;
				CLANG_WARN_OBJC_LITERAL_CONVERSION = YES;
				CLANG_WARN_OBJC_ROOT_CLASS = YES_ERROR;
				CLANG_WARN_QUOTED_INCLUDE_IN_FRAMEWORK_HEADER = YES;
				CLANG_WARN_RANGE_LOOP_ANALYSIS = YES;
				CLANG_WARN_STRICT_PROTOTYPES = YES;
				CLANG_WARN_SUSPICIOUS_MOVE = YES;
				CLANG_WARN_UNGUARDED_AVAILABILITY = YES_AGGRESSIVE;
				CLANG_WARN_UNREACHABLE_CODE = YES;
				CLANG_WARN__DUPLICATE_METHOD_MATCH = YES;
				COPY_PHASE_STRIP = NO;
				DEBUG_INFORMATION_FORMAT = "dwarf-with-dsym";
				ENABLE_NS_ASSERTIONS = NO;
				ENABLE_STRICT_OBJC_MSGSEND = YES;
				GCC_C_LANGUAGE_STANDARD = gnu11;
				GCC_NO_COMMON_BLOCKS = YES;
				GCC_WARN_64_TO_32_BIT_CONVERSION = YES;
				GCC_WARN_ABOUT_RETURN_TYPE = YES_ERROR;
				GCC_WARN_UNDECLARED_SELECTOR = YES;
				GCC_WARN_UNINITIALIZED_AUTOS = YES_AGGRESSIVE;
				GCC_WARN_UNUSED_FUNCTION = YES;
				GCC_WARN_UNUSED_VARIABLE = YES;
				IPHONEOS_DEPLOYMENT_TARGET = 16.0;
				MTL_ENABLE_DEBUG_INFO = NO;
				MTL_FAST_MATH = YES;
				SDKROOT = iphoneos;
				SWIFT_COMPILATION_MODE = wholemodule;
				SWIFT_OPTIMIZATION_LEVEL = "-O";
				VALIDATE_PRODUCT = YES;
			};
			name = Release;
		};
		6ABB02BF297DE57600D6E686 /* Debug */ = {
			isa = XCBuildConfiguration;
			buildSettings = {
				ASSETCATALOG_COMPILER_APPICON_NAME = AppIcon;
				ASSETCATALOG_COMPILER_GLOBAL_ACCENT_COLOR_NAME = AccentColor;
				CODE_SIGN_STYLE = Automatic;
				CURRENT_PROJECT_VERSION = 1;
				GENERATE_INFOPLIST_FILE = YES;
				INFOPLIST_FILE = "IOS-Assignment-1-SlotMachine/Info.plist";
				INFOPLIST_KEY_UIApplicationSupportsIndirectInputEvents = YES;
				INFOPLIST_KEY_UILaunchStoryboardName = LaunchScreen;
				INFOPLIST_KEY_UIMainStoryboardFile = Main;
				INFOPLIST_KEY_UISupportedInterfaceOrientations_iPad = "UIInterfaceOrientationPortrait UIInterfaceOrientationPortraitUpsideDown UIInterfaceOrientationLandscapeLeft UIInterfaceOrientationLandscapeRight";
				INFOPLIST_KEY_UISupportedInterfaceOrientations_iPhone = "UIInterfaceOrientationPortrait UIInterfaceOrientationLandscapeLeft UIInterfaceOrientationLandscapeRight";
				LD_RUNPATH_SEARCH_PATHS = (
					"$(inherited)",
					"@executable_path/Frameworks",
				);
				MARKETING_VERSION = 1.0;
				PRODUCT_BUNDLE_IDENTIFIER = "slotgamecentennial.IOS-Assignment-1-SlotMachine";
				PRODUCT_NAME = "$(TARGET_NAME)";
				SWIFT_EMIT_LOC_STRINGS = YES;
				SWIFT_VERSION = 5.0;
				TARGETED_DEVICE_FAMILY = "1,2";
			};
			name = Debug;
		};
		6ABB02C0297DE57600D6E686 /* Release */ = {
			isa = XCBuildConfiguration;
			buildSettings = {
				ASSETCATALOG_COMPILER_APPICON_NAME = AppIcon;
				ASSETCATALOG_COMPILER_GLOBAL_ACCENT_COLOR_NAME = AccentColor;
				CODE_SIGN_STYLE = Automatic;
				CURRENT_PROJECT_VERSION = 1;
				GENERATE_INFOPLIST_FILE = YES;
				INFOPLIST_FILE = "IOS-Assignment-1-SlotMachine/Info.plist";
				INFOPLIST_KEY_UIApplicationSupportsIndirectInputEvents = YES;
				INFOPLIST_KEY_UILaunchStoryboardName = LaunchScreen;
				INFOPLIST_KEY_UIMainStoryboardFile = Main;
				INFOPLIST_KEY_UISupportedInterfaceOrientations_iPad = "UIInterfaceOrientationPortrait UIInterfaceOrientationPortraitUpsideDown UIInterfaceOrientationLandscapeLeft UIInterfaceOrientationLandscapeRight";
				INFOPLIST_KEY_UISupportedInterfaceOrientations_iPhone = "UIInterfaceOrientationPortrait UIInterfaceOrientationLandscapeLeft UIInterfaceOrientationLandscapeRight";
				LD_RUNPATH_SEARCH_PATHS = (
					"$(inherited)",
					"@executable_path/Frameworks",
				);
				MARKETING_VERSION = 1.0;
				PRODUCT_BUNDLE_IDENTIFIER = "slotgamecentennial.IOS-Assignment-1-SlotMachine";
				PRODUCT_NAME = "$(TARGET_NAME)";
				SWIFT_EMIT_LOC_STRINGS = YES;
				SWIFT_VERSION = 5.0;
				TARGETED_DEVICE_FAMILY = "1,2";
			};
			name = Release;
		};
/* End XCBuildConfiguration section */

/* Begin XCConfigurationList section */
		6ABB02A5297DE57500D6E686 /* Build configuration list for PBXProject "IOS-Assignment-1-SlotMachine" */ = {
			isa = XCConfigurationList;
			buildConfigurations = (
				6ABB02BC297DE57600D6E686 /* Debug */,
				6ABB02BD297DE57600D6E686 /* Release */,
			);
			defaultConfigurationIsVisible = 0;
			defaultConfigurationName = Release;
		};
		6ABB02BE297DE57600D6E686 /* Build configuration list for PBXNativeTarget "IOS-Assignment-1-SlotMachine" */ = {
			isa = XCConfigurationList;
			buildConfigurations = (
				6ABB02BF297DE57600D6E686 /* Debug */,
				6ABB02C0297DE57600D6E686 /* Release */,
			);
			defaultConfigurationIsVisible = 0;
			defaultConfigurationName = Release;
		};
/* End XCConfigurationList section */
	};
	rootObject = 6ABB02A2297DE57500D6E686 /* Project object */;
}
